github.com/codeus-node/fail v1.0.0 h1:uiAaS7VhJS3DTysyLUfKjprXqMQXf3NcxYvddRm1mqc=
github.com/codeus-node/fail v1.0.0/go.mod h1:5bYcTsqajwEB0/jpst7JxFZtZd6yk53P0jucNdsOfRs=
github.com/codeus-node/icons v1.0.0 h1:GeyR+g++Y/hqptWW/aL1VZic5z+vzr4z8/ens0J+ELQ=
github.com/codeus-node/icons v1.0.0/go.mod h1:IsOi0PSPgPmhNWbi3691Xwi19KGEse9DG8huvsgyWuE=
